{
  "name": "example-lib",
  "version": "1.0.0",
  "lockfileVersion": 3,
  "requires": true,
  "packages": {
    "": {
      "name": "example-lib",
      "version": "1.0.0",
      "license": "ISC",
      "dependencies": {
        "add": "^2.0.6"
      },
      "devDependencies": {
        "@types/add": "^2.0.3",
        "typescript": "^5.3.2"
      }
    },
    "node_modules/@types/add": {
      "version": "2.0.3",
      "resolved": "https://registry.npmjs.org/@types/add/-/add-2.0.3.tgz",
      "integrity": "sha512-P4sSSgzxhwhXll/HYhHAqLv7nAACxFNFtwsiur/RH58rL1RBn21ZrexPIki8xh1NIziub7ZRXLf2K2IKn4XVYg==",
      "dev": true
    },
    "node_modules/add": {
      "version": "2.0.6",
      "resolved": "https://registry.npmjs.org/add/-/add-2.0.6.tgz",
      "integrity": "sha512-j5QzrmsokwWWp6kUcJQySpbG+xfOBqqKnup3OIk1pz+kB/80SLorZ9V8zHFLO92Lcd+hbvq8bT+zOGoPkmBV0Q=="
    },
    "node_modules/typescript": {
      "version": "5.3.2",
      "resolved": "https://registry.npmjs.org/typescript/-/typescript-5.3.2.tgz",
      "integrity": "sha512-6l+RyNy7oAHDfxC4FzSJcz9vnjTKxrLpDG5M2Vu4SHRVNg6xzqZp6LYSR9zjqQTu8DU/f5xwxUdADOkbrIX2gQ==",
      "dev": true,
      "bin": {
        "tsc": "bin/tsc",
        "tsserver": "bin/tsserver"
      },
      "engines": {
        "node": ">=14.17"
      }
    }
  }
}
